
Microsoft Visual Studio Solution File, Format Version 12.00
# Visual Studio Version 17
VisualStudioVersion = 17.7.34031.279
MinimumVisualStudioVersion = 10.0.40219.1
Project("{FAE04EC0-301F-11D3-BF4B-00C04F79EFBC}") = "Day 14 - Part 1", "Day 14 - Part 1\Day 14 - Part 1.csproj", "{F3E5E8E6-72ED-4EAC-8F2F-BC8C59D199C0}"
EndProject
Global
	GlobalSection(SolutionConfigurationPlatforms) = preSolution
		Debug|Any CPU = Debug|Any CPU
		Release|Any CPU = Release|Any CPU
	EndGlobalSection
	GlobalSection(ProjectConfigurationPlatforms) = postSolution
		{F3E5E8E6-72ED-4EAC-8F2F-BC8C59D199C0}.Debug|Any CPU.ActiveCfg = Debug|Any CPU
		{F3E5E8E6-72ED-4EAC-8F2F-BC8C59D199C0}.Debug|Any CPU.Build.0 = Debug|Any CPU
		{F3E5E8E6-72ED-4EAC-8F2F-BC8C59D199C0}.Release|Any CPU.ActiveCfg = Release|Any CPU
		{F3E5E8E6-72ED-4EAC-8F2F-BC8C59D199C0}.Release|Any CPU.Build.0 = Release|Any CPU
	EndGlobalSection
	GlobalSection(SolutionProperties) = preSolution
		HideSolutionNode = FALSE
	EndGlobalSection
	GlobalSection(ExtensibilityGlobals) = postSolution
		SolutionGuid = {249CF826-EB2F-419B-BD60-6F71F541FAE7}
	EndGlobalSection
EndGlobal
