
Microsoft Visual Studio Solution File, Format Version 12.00
# Visual Studio Version 17
VisualStudioVersion = 17.7.34031.279
MinimumVisualStudioVersion = 10.0.40219.1
Project("{FAE04EC0-301F-11D3-BF4B-00C04F79EFBC}") = "Day 3 - Part 1", "Day 3 - Part 1\Day 3 - Part 1.csproj", "{90D9FB3A-D0F4-4A08-8C8F-5C32E2EE477E}"
EndProject
Global
	GlobalSection(SolutionConfigurationPlatforms) = preSolution
		Debug|Any CPU = Debug|Any CPU
		Release|Any CPU = Release|Any CPU
	EndGlobalSection
	GlobalSection(ProjectConfigurationPlatforms) = postSolution
		{90D9FB3A-D0F4-4A08-8C8F-5C32E2EE477E}.Debug|Any CPU.ActiveCfg = Debug|Any CPU
		{90D9FB3A-D0F4-4A08-8C8F-5C32E2EE477E}.Debug|Any CPU.Build.0 = Debug|Any CPU
		{90D9FB3A-D0F4-4A08-8C8F-5C32E2EE477E}.Release|Any CPU.ActiveCfg = Release|Any CPU
		{90D9FB3A-D0F4-4A08-8C8F-5C32E2EE477E}.Release|Any CPU.Build.0 = Release|Any CPU
	EndGlobalSection
	GlobalSection(SolutionProperties) = preSolution
		HideSolutionNode = FALSE
	EndGlobalSection
	GlobalSection(ExtensibilityGlobals) = postSolution
		SolutionGuid = {EA2723F8-542C-4019-A161-45ED17229388}
	EndGlobalSection
EndGlobal
